
Microsoft Visual Studio Solution File, Format Version 12.00
# Visual Studio Version 17
VisualStudioVersion = 17.1.32228.430
MinimumVisualStudioVersion = 10.0.40219.1
Project("{FAE04EC0-301F-11D3-BF4B-00C04F79EFBC}") = "core-blog-backend", "core-blog-backend.csproj", "{A39D4CB0-6ACF-4F74-9585-C40B56DAACAD}"
EndProject
Global
	GlobalSection(SolutionConfigurationPlatforms) = preSolution
		Debug|Any CPU = Debug|Any CPU
		Release|Any CPU = Release|Any CPU
	EndGlobalSection
	GlobalSection(ProjectConfigurationPlatforms) = postSolution
		{A39D4CB0-6ACF-4F74-9585-C40B56DAACAD}.Debug|Any CPU.ActiveCfg = Debug|Any CPU
		{A39D4CB0-6ACF-4F74-9585-C40B56DAACAD}.Debug|Any CPU.Build.0 = Debug|Any CPU
		{A39D4CB0-6ACF-4F74-9585-C40B56DAACAD}.Release|Any CPU.ActiveCfg = Release|Any CPU
		{A39D4CB0-6ACF-4F74-9585-C40B56DAACAD}.Release|Any CPU.Build.0 = Release|Any CPU
	EndGlobalSection
	GlobalSection(SolutionProperties) = preSolution
		HideSolutionNode = FALSE
	EndGlobalSection
	GlobalSection(ExtensibilityGlobals) = postSolution
		SolutionGuid = {B9DE56C3-7618-4F57-AF2B-05858C333306}
	EndGlobalSection
EndGlobal
